
Microsoft Visual Studio Solution File, Format Version 12.00
# Visual Studio Version 17
VisualStudioVersion = 17.5.002.0
MinimumVisualStudioVersion = 10.0.40219.1
Project("{9A19103F-16F7-4668-BE54-9A1E7A4F7556}") = "PDFLibCraft", "src\PDFLibCraft.csproj", "{7C652100-07A9-40D5-8E50-112866CE0DF9}"
EndProject
Global
	GlobalSection(SolutionConfigurationPlatforms) = preSolution
		Debug|Any CPU = Debug|Any CPU
		Release|Any CPU = Release|Any CPU
	EndGlobalSection
	GlobalSection(ProjectConfigurationPlatforms) = postSolution
		{7C652100-07A9-40D5-8E50-112866CE0DF9}.Debug|Any CPU.ActiveCfg = Debug|Any CPU
		{7C652100-07A9-40D5-8E50-112866CE0DF9}.Debug|Any CPU.Build.0 = Debug|Any CPU
		{7C652100-07A9-40D5-8E50-112866CE0DF9}.Release|Any CPU.ActiveCfg = Release|Any CPU
		{7C652100-07A9-40D5-8E50-112866CE0DF9}.Release|Any CPU.Build.0 = Release|Any CPU
	EndGlobalSection
	GlobalSection(SolutionProperties) = preSolution
		HideSolutionNode = FALSE
	EndGlobalSection
	GlobalSection(ExtensibilityGlobals) = postSolution
		SolutionGuid = {88F2624B-19C2-47A3-BC76-11B3649DE629}
	EndGlobalSection
EndGlobal
